# THIS IS AN AUTOGENERATED FILE. DO NOT EDIT THIS FILE DIRECTLY.
# yarn lockfile v1


"@types/mime-types@^2.1.4":
  version "2.1.4"
  resolved "https://registry.npmjs.org/@types/mime-types/-/mime-types-2.1.4.tgz"
  integrity sha512-lfU4b34HOri+kAY5UheuFMWPDOI+OPceBSHZKp69gEyTL/mmJ4cnU6Y/rlme3UL3GyOn6Y42hyIEw0/q8sWx5w==

"@types/node@^22.13.4":
  version "22.13.4"
  resolved "https://registry.npmjs.org/@types/node/-/node-22.13.4.tgz"
  integrity sha512-ywP2X0DYtX3y08eFVx5fNIw7/uIv8hYUKgXoK8oayJlLnKcRfEYCxWMVE1XagUdVtCJlZT1AU4LXEABW+L1Peg==
  dependencies:
    undici-types "~6.20.0"

mime-db@1.52.0:
  version "1.52.0"
  resolved "https://registry.npmjs.org/mime-db/-/mime-db-1.52.0.tgz"
  integrity sha512-sPU4uV7dYlvtWJxwwxHD0PuihVNiE7TyAbQ5SWxDCB9mUYvOgroQOwYQQOKPJ8CIbE+1ETVlOoK1UC2nU3gYvg==

mime-types@^2.1.35:
  version "2.1.35"
  resolved "https://registry.npmjs.org/mime-types/-/mime-types-2.1.35.tgz"
  integrity sha512-ZDY+bPm5zTTF+YpCrAU9nK0UgICYPT0QtT1NZWFv4s++TNkcgVaT0g6+4R2uI4MjQjzysHB1zxuWL50hzaeXiw==
  dependencies:
    mime-db "1.52.0"

typescript@^5.7.2:
  version "5.7.2"
  resolved "https://registry.npmjs.org/typescript/-/typescript-5.7.2.tgz"
  integrity sha512-i5t66RHxDvVN40HfDd1PsEThGNnlMCMT3jMUuoh9/0TaqWevNontacunWyN02LA9/fIbEWlcHZcgTKb9QoaLfg==

undici-types@~6.20.0:
  version "6.20.0"
  resolved "https://registry.npmjs.org/undici-types/-/undici-types-6.20.0.tgz"
  integrity sha512-Ny6QZ2Nju20vw1SRHe3d9jVu6gJ+4e3+MMpqu7pqE5HT6WsTSlce++GQmK5UXS8mzV8DSYHrQH+Xrf2jVcuKNg==
